// !$*UTF8*$!
{
	archiveVersion = 1;
	classes = {
	};
	objectVersion = 52;
	objects = {

/* Begin PBXBuildFile section */
		C345C6122386E54A005EBBD9 /* AppDelegate.swift in Sources */ = {isa = PBXBuildFile; fileRef = C345C6112386E54A005EBBD9 /* AppDelegate.swift */; };
		C345C6142386E54A005EBBD9 /* SceneDelegate.swift in Sources */ = {isa = PBXBuildFile; fileRef = C345C6132386E54A005EBBD9 /* SceneDelegate.swift */; };
		C345C6162386E54A005EBBD9 /* ViewController.swift in Sources */ = {isa = PBXBuildFile; fileRef = C345C6152386E54A005EBBD9 /* ViewController.swift */; };
		C345C61B2386E54C005EBBD9 /* Assets.xcassets in Resources */ = {isa = PBXBuildFile; fileRef = C345C61A2386E54C005EBBD9 /* Assets.xcassets */; };
		C345C61E2386E54C005EBBD9 /* LaunchScreen.storyboard in Resources */ = {isa = PBXBuildFile; fileRef = C345C61C2386E54C005EBBD9 /* LaunchScreen.storyboard */; };
		C345C6272386E5CF005EBBD9 /* JTAppleCalendar in Frameworks */ = {isa = PBXBuildFile; productRef = C345C6262386E5CF005EBBD9 /* JTAppleCalendar */; };
/* End PBXBuildFile section */

/* Begin PBXFileReference section */
		C345C60E2386E54A005EBBD9 /* JTAppleCalendarExample.app */ = {isa = PBXFileReference; explicitFileType = wrapper.application; includeInIndex = 0; path = JTAppleCalendarExample.app; sourceTree = BUILT_PRODUCTS_DIR; };
		C345C6112386E54A005EBBD9 /* AppDelegate.swift */ = {isa = PBXFileReference; lastKnownFileType = sourcecode.swift; path = AppDelegate.swift; sourceTree = "<group>"; };
		C345C6132386E54A005EBBD9 /* SceneDelegate.swift */ = {isa = PBXFileReference; lastKnownFileType = sourcecode.swift; path = SceneDelegate.swift; sourceTree = "<group>"; };
		C345C6152386E54A005EBBD9 /* ViewController.swift */ = {isa = PBXFileReference; lastKnownFileType = sourcecode.swift; path = ViewController.swift; sourceTree = "<group>"; };
		C345C61A2386E54C005EBBD9 /* Assets.xcassets */ = {isa = PBXFileReference; lastKnownFileType = folder.assetcatalog; path = Assets.xcassets; sourceTree = "<group>"; };
		C345C61D2386E54C005EBBD9 /* Base */ = {isa = PBXFileReference; lastKnownFileType = file.storyboard; name = Base; path = Base.lproj/LaunchScreen.storyboard; sourceTree = "<group>"; };
		C345C61F2386E54C005EBBD9 /* Info.plist */ = {isa = PBXFileReference; lastKnownFileType = text.plist.xml; path = Info.plist; sourceTree = "<group>"; };
/* End PBXFileReference section */

/* Begin PBXFrameworksBuildPhase section */
		C345C60B2386E54A005EBBD9 /* Frameworks */ = {
			isa = PBXFrameworksBuildPhase;
			buildActionMask = 2147483647;
			files = (
				C345C6272386E5CF005EBBD9 /* JTAppleCalendar in Frameworks */,
			);
			runOnlyForDeploymentPostprocessing = 0;
		};
/* End PBXFrameworksBuildPhase section */

/* Begin PBXGroup section */
		C345C6052386E54A005EBBD9 = {
			isa = PBXGroup;
			children = (
				C345C6102386E54A005EBBD9 /* JTAppleCalendarExample */,
				C345C60F2386E54A005EBBD9 /* Products */,
			);
			sourceTree = "<group>";
		};
		C345C60F2386E54A005EBBD9 /* Products */ = {
			isa = PBXGroup;
			children = (
				C345C60E2386E54A005EBBD9 /* JTAppleCalendarExample.app */,
			);
			name = Products;
			sourceTree = "<group>";
		};
		C345C6102386E54A005EBBD9 /* JTAppleCalendarExample */ = {
			isa = PBXGroup;
			children = (
				C345C6112386E54A005EBBD9 /* AppDelegate.swift */,
				C345C6132386E54A005EBBD9 /* SceneDelegate.swift */,
				C345C6152386E54A005EBBD9 /* ViewController.swift */,
				C345C61A2386E54C005EBBD9 /* Assets.xcassets */,
				C345C61C2386E54C005EBBD9 /* LaunchScreen.storyboard */,
				C345C61F2386E54C005EBBD9 /* Info.plist */,
			);
			path = JTAppleCalendarExample;
			sourceTree = "<group>";
		};
/* End PBXGroup section */

/* Begin PBXNativeTarget section */
		C345C60D2386E54A005EBBD9 /* JTAppleCalendarExample */ = {
			isa = PBXNativeTarget;
			buildConfigurationList = C345C6222386E54C005EBBD9 /* Build configuration list for PBXNativeTarget "JTAppleCalendarExample" */;
			buildPhases = (
				C345C60A2386E54A005EBBD9 /* Sources */,
				C345C60B2386E54A005EBBD9 /* Frameworks */,
				C345C60C2386E54A005EBBD9 /* Resources */,
			);
			buildRules = (
			);
			dependencies = (
			);
			name = JTAppleCalendarExample;
			packageProductDependencies = (
				C345C6262386E5CF005EBBD9 /* JTAppleCalendar */,
			);
			productName = JTAppleCalendarExample;
			productReference = C345C60E2386E54A005EBBD9 /* JTAppleCalendarExample.app */;
			productType = "com.apple.product-type.application";
		};
/* End PBXNativeTarget section */

/* Begin PBXProject section */
		C345C6062386E54A005EBBD9 /* Project object */ = {
			isa = PBXProject;
			attributes = {
				LastSwiftUpdateCheck = 1120;
				LastUpgradeCheck = 1120;
				ORGANIZATIONNAME = Seokho;
				TargetAttributes = {
					C345C60D2386E54A005EBBD9 = {
						CreatedOnToolsVersion = 11.2.1;
					};
				};
			};
			buildConfigurationList = C345C6092386E54A005EBBD9 /* Build configuration list for PBXProject "JTAppleCalendarExample" */;
			compatibilityVersion = "Xcode 9.3";
			developmentRegion = en;
			hasScannedForEncodings = 0;
			knownRegions = (
				en,
				Base,
			);
			mainGroup = C345C6052386E54A005EBBD9;
			packageReferences = (
				C345C6252386E5CF005EBBD9 /* XCRemoteSwiftPackageReference "JTAppleCalendar" */,
			);
			productRefGroup = C345C60F2386E54A005EBBD9 /* Products */;
			projectDirPath = "";
			projectRoot = "";
			targets = (
				C345C60D2386E54A005EBBD9 /* JTAppleCalendarExample */,
			);
		};
/* End PBXProject section */

/* Begin PBXResourcesBuildPhase section */
		C345C60C2386E54A005EBBD9 /* Resources */ = {
			isa = PBXResourcesBuildPhase;
			buildActionMask = 2147483647;
			files = (
				C345C61E2386E54C005EBBD9 /* LaunchScreen.storyboard in Resources */,
				C345C61B2386E54C005EBBD9 /* Assets.xcassets in Resources */,
			);
			runOnlyForDeploymentPostprocessing = 0;
		};
/* End PBXResourcesBuildPhase section */

/* Begin PBXSourcesBuildPhase section */
		C345C60A2386E54A005EBBD9 /* Sources */ = {
			isa = PBXSourcesBuildPhase;
			buildActionMask = 2147483647;
			files = (
				C345C6162386E54A005EBBD9 /* ViewController.swift in Sources */,
				C345C6122386E54A005EBBD9 /* AppDelegate.swift in Sources */,
				C345C6142386E54A005EBBD9 /* SceneDelegate.swift in Sources */,
			);
			runOnlyForDeploymentPostprocessing = 0;
		};
/* End PBXSourcesBuildPhase section */

/* Begin PBXVariantGroup section */
		C345C61C2386E54C005EBBD9 /* LaunchScreen.storyboard */ = {
			isa = PBXVariantGroup;
			children = (
				C345C61D2386E54C005EBBD9 /* Base */,
			);
			name = LaunchScreen.storyboard;
			sourceTree = "<group>";
		};
/* End PBXVariantGroup section */

/* Begin XCBuildConfiguration section */
		C345C6202386E54C005EBBD9 /* Debug */ = {
			isa = XCBuildConfiguration;
			buildSettings = {
				ALWAYS_SEARCH_USER_PATHS = NO;
				CLANG_ANALYZER_NONNULL = YES;
				CLANG_ANALYZER_NUMBER_OBJECT_CONVERSION = YES_AGGRESSIVE;
				CLANG_CXX_LANGUAGE_STANDARD = "gnu++14";
				CLANG_CXX_LIBRARY = "libc++";
				CLANG_ENABLE_MODULES = YES;
				CLANG_ENABLE_OBJC_ARC = YES;
				CLANG_ENABLE_OBJC_WEAK = YES;
				CLANG_WARN_BLOCK_CAPTURE_AUTORELEASING = YES;
				CLANG_WARN_BOOL_CONVERSION = YES;
				CLANG_WARN_COMMA = YES;
				CLANG_WARN_CONSTANT_CONVERSION = YES;
				CLANG_WARN_DEPRECATED_OBJC_IMPLEMENTATIONS = YES;
				CLANG_WARN_DIRECT_OBJC_ISA_USAGE = YES_ERROR;
				CLANG_WARN_DOCUMENTATION_COMMENTS = YES;
				CLANG_WARN_EMPTY_BODY = YES;
				CLANG_WARN_ENUM_CONVERSION = YES;
				CLANG_WARN_INFINITE_RECURSION = YES;
				CLANG_WARN_INT_CONVERSION = YES;
				CLANG_WARN_NON_LITERAL_NULL_CONVERSION = YES;
				CLANG_WARN_OBJC_IMPLICIT_RETAIN_SELF = YES;
				CLANG_WARN_OBJC_LITERAL_CONVERSION = YES;
				CLANG_WARN_OBJC_ROOT_CLASS = YES_ERROR;
				CLANG_WARN_RANGE_LOOP_ANALYSIS = YES;
				CLANG_WARN_STRICT_PROTOTYPES = YES;
				CLANG_WARN_SUSPICIOUS_MOVE = YES;
				CLANG_WARN_UNGUARDED_AVAILABILITY = YES_AGGRESSIVE;
				CLANG_WARN_UNREACHABLE_CODE = YES;
				CLANG_WARN__DUPLICATE_METHOD_MATCH = YES;
				COPY_PHASE_STRIP = NO;
				DEBUG_INFORMATION_FORMAT = dwarf;
				ENABLE_STRICT_OBJC_MSGSEND = YES;
				ENABLE_TESTABILITY = YES;
				GCC_C_LANGUAGE_STANDARD = gnu11;
				GCC_DYNAMIC_NO_PIC = NO;
				GCC_NO_COMMON_BLOCKS = YES;
				GCC_OPTIMIZATION_LEVEL = 0;
				GCC_PREPROCESSOR_DEFINITIONS = (
					"DEBUG=1",
					"$(inherited)",
				);
				GCC_WARN_64_TO_32_BIT_CONVERSION = YES;
				GCC_WARN_ABOUT_RETURN_TYPE = YES_ERROR;
				GCC_WARN_UNDECLARED_SELECTOR = YES;
				GCC_WARN_UNINITIALIZED_AUTOS = YES_AGGRESSIVE;
				GCC_WARN_UNUSED_FUNCTION = YES;
				GCC_WARN_UNUSED_VARIABLE = YES;
				IPHONEOS_DEPLOYMENT_TARGET = 13.2;
				MTL_ENABLE_DEBUG_INFO = INCLUDE_SOURCE;
				MTL_FAST_MATH = YES;
				ONLY_ACTIVE_ARCH = YES;
				SDKROOT = iphoneos;
				SWIFT_ACTIVE_COMPILATION_CONDITIONS = DEBUG;
				SWIFT_OPTIMIZATION_LEVEL = "-Onone";
			};
			name = Debug;
		};
		C345C6212386E54C005EBBD9 /* Release */ = {
			isa = XCBuildConfiguration;
			buildSettings = {
				ALWAYS_SEARCH_USER_PATHS = NO;
				CLANG_ANALYZER_NONNULL = YES;
				CLANG_ANALYZER_NUMBER_OBJECT_CONVERSION = YES_AGGRESSIVE;
				CLANG_CXX_LANGUAGE_STANDARD = "gnu++14";
				CLANG_CXX_LIBRARY = "libc++";
				CLANG_ENABLE_MODULES = YES;
				CLANG_ENABLE_OBJC_ARC = YES;
				CLANG_ENABLE_OBJC_WEAK = YES;
				CLANG_WARN_BLOCK_CAPTURE_AUTORELEASING = YES;
				CLANG_WARN_BOOL_CONVERSION = YES;
				CLANG_WARN_COMMA = YES;
				CLANG_WARN_CONSTANT_CONVERSION = YES;
				CLANG_WARN_DEPRECATED_OBJC_IMPLEMENTATIONS = YES;
				CLANG_WARN_DIRECT_OBJC_ISA_USAGE = YES_ERROR;
				CLANG_WARN_DOCUMENTATION_COMMENTS = YES;
				CLANG_WARN_EMPTY_BODY = YES;
				CLANG_WARN_ENUM_CONVERSION = YES;
				CLANG_WARN_INFINITE_RECURSION = YES;
				CLANG_WARN_INT_CONVERSION = YES;
				CLANG_WARN_NON_LITERAL_NULL_CONVERSION = YES;
				CLANG_WARN_OBJC_IMPLICIT_RETAIN_SELF = YES;
				CLANG_WARN_OBJC_LITERAL_CONVERSION = YES;
				CLANG_WARN_OBJC_ROOT_CLASS = YES_ERROR;
				CLANG_WARN_RANGE_LOOP_ANALYSIS = YES;
				CLANG_WARN_STRICT_PROTOTYPES = YES;
				CLANG_WARN_SUSPICIOUS_MOVE = YES;
				CLANG_WARN_UNGUARDED_AVAILABILITY = YES_AGGRESSIVE;
				CLANG_WARN_UNREACHABLE_CODE = YES;
				CLANG_WARN__DUPLICATE_METHOD_MATCH = YES;
				COPY_PHASE_STRIP = NO;
				DEBUG_INFORMATION_FORMAT = "dwarf-with-dsym";
				ENABLE_NS_ASSERTIONS = NO;
				ENABLE_STRICT_OBJC_MSGSEND = YES;
				GCC_C_LANGUAGE_STANDARD = gnu11;
				GCC_NO_COMMON_BLOCKS = YES;
				GCC_WARN_64_TO_32_BIT_CONVERSION = YES;
				GCC_WARN_ABOUT_RETURN_TYPE = YES_ERROR;
				GCC_WARN_UNDECLARED_SELECTOR = YES;
				GCC_WARN_UNINITIALIZED_AUTOS = YES_AGGRESSIVE;
				GCC_WARN_UNUSED_FUNCTION = YES;
				GCC_WARN_UNUSED_VARIABLE = YES;
				IPHONEOS_DEPLOYMENT_TARGET = 13.2;
				MTL_ENABLE_DEBUG_INFO = NO;
				MTL_FAST_MATH = YES;
				SDKROOT = iphoneos;
				SWIFT_COMPILATION_MODE = wholemodule;
				SWIFT_OPTIMIZATION_LEVEL = "-O";
				VALIDATE_PRODUCT = YES;
			};
			name = Release;
		};
		C345C6232386E54C005EBBD9 /* Debug */ = {
			isa = XCBuildConfiguration;
			buildSettings = {
				ASSETCATALOG_COMPILER_APPICON_NAME = AppIcon;
				CODE_SIGN_STYLE = Automatic;
				DEVELOPMENT_TEAM = 5BY5MQ6875;
				INFOPLIST_FILE = JTAppleCalendarExample/Info.plist;
				LD_RUNPATH_SEARCH_PATHS = (
					"$(inherited)",
					"@executable_path/Frameworks",
				);
				PRODUCT_BUNDLE_IDENTIFIER = com.milkyo.app.JTAppleCalendarExample;
				PRODUCT_NAME = "$(TARGET_NAME)";
				SWIFT_VERSION = 5.0;
				TARGETED_DEVICE_FAMILY = "1,2";
			};
			name = Debug;
		};
		C345C6242386E54C005EBBD9 /* Release */ = {
			isa = XCBuildConfiguration;
			buildSettings = {
				ASSETCATALOG_COMPILER_APPICON_NAME = AppIcon;
				CODE_SIGN_STYLE = Automatic;
				DEVELOPMENT_TEAM = 5BY5MQ6875;
				INFOPLIST_FILE = JTAppleCalendarExample/Info.plist;
				LD_RUNPATH_SEARCH_PATHS = (
					"$(inherited)",
					"@executable_path/Frameworks",
				);
				PRODUCT_BUNDLE_IDENTIFIER = com.milkyo.app.JTAppleCalendarExample;
				PRODUCT_NAME = "$(TARGET_NAME)";
				SWIFT_VERSION = 5.0;
				TARGETED_DEVICE_FAMILY = "1,2";
			};
			name = Release;
		};
/* End XCBuildConfiguration section */

/* Begin XCConfigurationList section */
		C345C6092386E54A005EBBD9 /* Build configuration list for PBXProject "JTAppleCalendarExample" */ = {
			isa = XCConfigurationList;
			buildConfigurations = (
				C345C6202386E54C005EBBD9 /* Debug */,
				C345C6212386E54C005EBBD9 /* Release */,
			);
			defaultConfigurationIsVisible = 0;
			defaultConfigurationName = Release;
		};
		C345C6222386E54C005EBBD9 /* Build configuration list for PBXNativeTarget "JTAppleCalendarExample" */ = {
			isa = XCConfigurationList;
			buildConfigurations = (
				C345C6232386E54C005EBBD9 /* Debug */,
				C345C6242386E54C005EBBD9 /* Release */,
			);
			defaultConfigurationIsVisible = 0;
			defaultConfigurationName = Release;
		};
/* End XCConfigurationList section */

/* Begin XCRemoteSwiftPackageReference section */
		C345C6252386E5CF005EBBD9 /* XCRemoteSwiftPackageReference "JTAppleCalendar" */ = {
			isa = XCRemoteSwiftPackageReference;
			repositoryURL = "https://github.com/patchthecode/JTAppleCalendar";
			requirement = {
				kind = upToNextMajorVersion;
				minimumVersion = 8.0.2;
			};
		};
/* End XCRemoteSwiftPackageReference section */

/* Begin XCSwiftPackageProductDependency section */
		C345C6262386E5CF005EBBD9 /* JTAppleCalendar */ = {
			isa = XCSwiftPackageProductDependency;
			package = C345C6252386E5CF005EBBD9 /* XCRemoteSwiftPackageReference "JTAppleCalendar" */;
			productName = JTAppleCalendar;
		};
/* End XCSwiftPackageProductDependency section */
	};
	rootObject = C345C6062386E54A005EBBD9 /* Project object */;
}
